{
  "name": "sterkbouw-frontend",
  "version": "1.0.0",
  "lockfileVersion": 3,
  "requires": true,
  "packages": {
    "": {
      "name": "sterkbouw-frontend",
      "version": "1.0.0",
      "dependencies": {
        "@supabase/supabase-js": "^2.38.0",
        "@tabler/core": "^1.0.0-beta21",
        "axios": "^1.6.0",
        "chart.js": "^4.4.0",
        "formidable": "^3.5.1",
        "next": "14.0.4",
        "react": "18.2.0",
        "react-dom": "18.2.0",
        "three": "^0.164.0"
      }
    },
    "node_modules/@supabase/supabase-js": {
      "version": "2.38.0",
      "resolved": "https://registry.npmjs.org/@supabase/supabase-js/-/supabase-js-2.38.0.tgz",
      "integrity": "sha512-1kvtSQ6l3v65g7jqAhVDrNv/B7x7pLBFHThWYC4m0FZkq6TTbqO9rDzK9DApJ8RTTTYl50W7z86SXp18wjZJ4g==",
      "dependencies": {
        "@supabase/auth-js": "^2.46.0",
        "@supabase/functions-js": "^2.1.3",
        "@supabase/realtime-js": "^2.8.0",
        "@supabase/storage-js": "^2.5.0"
      }
    },
    "node_modules/@tabler/core": {
      "version": "1.0.0-beta21",
      "resolved": "https://registry.npmjs.org/@tabler/core/-/core-1.0.0-beta21.tgz",
      "integrity": "sha512-A+JcLekYH02irWi6bIJx3j5g9qy8L+c2i9Xl9SNk5QdZ5eQ4y9/PQ14fTgAUvVVQsF/mkF/V2ZbEnEeFdpxZfA==",
      "peerDependencies": {
        "@popperjs/core": "^2.11.8"
      }
    },
    "node_modules/axios": {
      "version": "1.6.0",
      "resolved": "https://registry.npmjs.org/axios/-/axios-1.6.0.tgz",
      "integrity": "sha512-evlLpvR1NaHL5hKc6KjA+PHNEVpzWLT9OvEBpwdwuFpIvGwDYZPvWMyNjR120p2eEBYjj2wuvAim2hu+6yq4rA==",
      "dependencies": {
        "follow-redirects": "^1.15.0",
        "form-data": "^4.0.0",
        "proxy-from-env": "^1.1.0"
      }
    },
    "node_modules/chart.js": {
      "version": "4.4.0",
      "resolved": "https://registry.npmjs.org/chart.js/-/chart.js-4.4.0.tgz",
      "integrity": "sha512-vQEj6d+8Jjvdi1M1Fbspgm5IRfLvhboRr8fPk0POr68tqO7e2HrA8Bk3BRVkFyt806OzbqTtUAuk4vS6+4xLBg==",
      "dependencies": {
        "@kurkle/color": "^0.3.0"
      },
      "engines": {
        "pnpm": ">=7"
      }
    },
    "node_modules/formidable": {
      "version": "3.5.1",
      "resolved": "https://registry.npmjs.org/formidable/-/formidable-3.5.1.tgz",
      "integrity": "sha512-WJWKelbRHN6Lw6vI8ZEXzpx+cZ2VkqkOBXcKbifX6Ti8ZuQ2maQw+4HS05tTmhXPkLBJ4JoxroXZqVgV0C4Ntw==",
      "dependencies": {
        "hexoid": "^1.0.0"
      },
      "funding": {
        "url": "https://ko-fi.com/tunnckoCore/commissions"
      }
    },
    "node_modules/next": {
      "version": "14.0.4",
      "resolved": "https://registry.npmjs.org/next/-/next-14.0.4.tgz",
      "integrity": "sha512-wc5M9M4W6n8rDQHwroEc1uf8gceXpcd2iLHqHjJKKtdCwag1mOTW1t7uuChv3vHlL4/7eZWtQYWc6ZCbMvXC7g==",
      "dependencies": {
        "@next/env": "14.0.4",
        "@swc/helpers": "0.5.2",
        "caniuse-lite": "^1.0.30001566",
        "postcss": "8.4.31",
        "react-dev-overlay": "14.0.4",
        "styled-jsx": "5.1.1"
      },
      "bin": {
        "next": "dist/bin/next"
      },
      "engines": {
        "node": ">=18.17.0"
      },
      "optionalDependencies": {
        "@next/swc-darwin-arm64": "14.0.4",
        "@next/swc-darwin-x64": "14.0.4",
        "@next/swc-linux-arm64-gnu": "14.0.4",
        "@next/swc-linux-arm64-musl": "14.0.4",
        "@next/swc-linux-x64-gnu": "14.0.4",
        "@next/swc-linux-x64-musl": "14.0.4",
        "@next/swc-win32-arm64-msvc": "14.0.4",
        "@next/swc-win32-ia32-msvc": "14.0.4",
        "@next/swc-win32-x64-msvc": "14.0.4"
      },
      "peerDependencies": {
        "@opentelemetry/api": "^1.1.0",
        "react": "^18.2.0",
        "react-dom": "^18.2.0"
      },
      "peerDependenciesMeta": {
        "@opentelemetry/api": {
          "optional": true
        }
      }
    },
    "node_modules/react": {
      "version": "18.2.0",
      "resolved": "https://registry.npmjs.org/react/-/react-18.2.0.tgz",
      "integrity": "sha512-/3IjMdb2L9QbBdWiW5e3P2/npwMBaU9mHCSCUzNln0ZCYbcfTsGbTJrU/kGemdH2IWmB2ioZ+zkxtmq6g09fGQ==",
      "dependencies": {
        "loose-envify": "^1.1.0"
      },
      "engines": {
        "node": ">=0.10.0"
      }
    },
    "node_modules/react-dom": {
      "version": "18.2.0",
      "resolved": "https://registry.npmjs.org/react-dom/-/react-dom-18.2.0.tgz",
      "integrity": "sha512-6IMTriUmvsjHUjNtEDudZfuDQUoWXVxKHhlEGSk81n4YFS+r/Kl99wXiwlVXtPBtJenozv2P+hxDsw9eA7Xo6g==",
      "dependencies": {
        "loose-envify": "^1.1.0",
        "scheduler": "^0.23.0"
      },
      "peerDependencies": {
        "react": "^18.2.0"
      }
    },
    "node_modules/three": {
      "version": "0.164.0",
      "resolved": "https://registry.npmjs.org/three/-/three-0.164.0.tgz",
      "integrity": "sha512-wO8cRcQZymH7b3jaiquBEeZz1Y5Z0eO9o5UY4PvM4b4NluT2EjQy2vzrJxO++bXopJULqNfjwREYvXkEbg2C/g=="
    }
  }
}
