{
  "name": "sterkbouw-frontend",
  "version": "1.0.0",
  "lockfileVersion": 3,
  "requires": true,
  "packages": {
    "": {
      "name": "sterkbouw-frontend",
      "version": "1.0.0",
      "dependencies": {
        "@supabase/supabase-js": "^2.38.0",
        "@tabler/core": "^1.0.0-beta21",
        "axios": "^1.6.0",
        "chart.js": "^4.4.0",
        "formidable": "^3.5.1",
        "next": "13.5.6",
        "react": "18.2.0",
        "react-dom": "18.2.0",
        "three": "^0.164.0"
      }
    }
  }
}
